// !$*UTF8*$!
{
	archiveVersion = 1;
	classes = {
	};
	objectVersion = 50;
	objects = {

/* Begin PBXBuildFile section */
		30F7A33A21C920C500998859 /* AppDelegate.swift in Sources */ = {isa = PBXBuildFile; fileRef = 30F7A33921C920C500998859 /* AppDelegate.swift */; };
		30F7A33C21C920C500998859 /* ViewController.swift in Sources */ = {isa = PBXBuildFile; fileRef = 30F7A33B21C920C500998859 /* ViewController.swift */; };
		30F7A33F21C920C500998859 /* Main.storyboard in Resources */ = {isa = PBXBuildFile; fileRef = 30F7A33D21C920C500998859 /* Main.storyboard */; };
		30F7A34121C920C600998859 /* Assets.xcassets in Resources */ = {isa = PBXBuildFile; fileRef = 30F7A34021C920C600998859 /* Assets.xcassets */; };
		30F7A34421C920C600998859 /* LaunchScreen.storyboard in Resources */ = {isa = PBXBuildFile; fileRef = 30F7A34221C920C600998859 /* LaunchScreen.storyboard */; };
		30F7A34F21C920C600998859 /* ColorBlendingTest.swift in Sources */ = {isa = PBXBuildFile; fileRef = 30F7A34E21C920C600998859 /* ColorBlendingTest.swift */; };
		30F7A37A21CBE2FB00998859 /* StoryboardLoadableViewController.storyboard in Resources */ = {isa = PBXBuildFile; fileRef = 30F7A37921CBE2FB00998859 /* StoryboardLoadableViewController.storyboard */; };
		30F7A37C21CBE34B00998859 /* StoryboardLoadableViewController.swift in Sources */ = {isa = PBXBuildFile; fileRef = 30F7A37B21CBE34B00998859 /* StoryboardLoadableViewController.swift */; };
		A4B858D2A7762B266866E363 /* Pods_SampleTests.framework in Frameworks */ = {isa = PBXBuildFile; fileRef = 99E5C11139FFDB8BE7213658 /* Pods_SampleTests.framework */; };
		D456541D21DF663A0014A3CA /* DateTest.swift in Sources */ = {isa = PBXBuildFile; fileRef = D456541C21DF663A0014A3CA /* DateTest.swift */; };
		D456542D21DFAC870014A3CA /* DispatchQueueTest.swift in Sources */ = {isa = PBXBuildFile; fileRef = D456542C21DFAC870014A3CA /* DispatchQueueTest.swift */; };
		D456543121DFAFE40014A3CA /* HTTPCookieTest.swift in Sources */ = {isa = PBXBuildFile; fileRef = D456543021DFAFE40014A3CA /* HTTPCookieTest.swift */; };
		D456543321DFBD0F0014A3CA /* NSAttributedStringTest.swift in Sources */ = {isa = PBXBuildFile; fileRef = D456543221DFBD0F0014A3CA /* NSAttributedStringTest.swift */; };
		D478DCE221EC74D30002A063 /* ErrorTest.swift in Sources */ = {isa = PBXBuildFile; fileRef = D478DCE121EC74D30002A063 /* ErrorTest.swift */; };
		D478DCE821ECABC00002A063 /* String-LoadingTest.swift in Sources */ = {isa = PBXBuildFile; fileRef = D478DCE721ECABC00002A063 /* String-LoadingTest.swift */; };
		D478DCEA21ECE7EA0002A063 /* URLRequestTest.swift in Sources */ = {isa = PBXBuildFile; fileRef = D478DCE921ECE7EA0002A063 /* URLRequestTest.swift */; };
		D4984F0A21EDC909002679D2 /* URLSessionTest.swift in Sources */ = {isa = PBXBuildFile; fileRef = D4984F0921EDC909002679D2 /* URLSessionTest.swift */; };
		D4BC4E0F21E8A51C0095864A /* OptionalTest.swift in Sources */ = {isa = PBXBuildFile; fileRef = D4BC4E0E21E8A51C0095864A /* OptionalTest.swift */; };
		D4BC4E1121E8C6040095864A /* StringTest.swift in Sources */ = {isa = PBXBuildFile; fileRef = D4BC4E1021E8C6040095864A /* StringTest.swift */; };
		D4F4DFF221DE6B250025A1C1 /* ArrayTest.swift in Sources */ = {isa = PBXBuildFile; fileRef = D4F4DFF121DE6B250025A1C1 /* ArrayTest.swift */; };
		DA38DDE97A859CE5F27B00F1 /* Pods_Sample.framework in Frameworks */ = {isa = PBXBuildFile; fileRef = DFE028B09166E6B800A1BA07 /* Pods_Sample.framework */; };
/* End PBXBuildFile section */

/* Begin PBXContainerItemProxy section */
		30F7A34B21C920C600998859 /* PBXContainerItemProxy */ = {
			isa = PBXContainerItemProxy;
			containerPortal = 30F7A32E21C920C500998859 /* Project object */;
			proxyType = 1;
			remoteGlobalIDString = 30F7A33521C920C500998859;
			remoteInfo = Sample;
		};
/* End PBXContainerItemProxy section */

/* Begin PBXFileReference section */
		0BF9AFEE428D9DF79F74B2B1 /* Pods-SampleTests.release.xcconfig */ = {isa = PBXFileReference; includeInIndex = 1; lastKnownFileType = text.xcconfig; name = "Pods-SampleTests.release.xcconfig"; path = "Pods/Target Support Files/Pods-SampleTests/Pods-SampleTests.release.xcconfig"; sourceTree = "<group>"; };
		12E0BE18CA408E386DFFB886 /* Pods-Sample.debug.xcconfig */ = {isa = PBXFileReference; includeInIndex = 1; lastKnownFileType = text.xcconfig; name = "Pods-Sample.debug.xcconfig"; path = "Pods/Target Support Files/Pods-Sample/Pods-Sample.debug.xcconfig"; sourceTree = "<group>"; };
		30F7A33621C920C500998859 /* Sample.app */ = {isa = PBXFileReference; explicitFileType = wrapper.application; includeInIndex = 0; path = Sample.app; sourceTree = BUILT_PRODUCTS_DIR; };
		30F7A33921C920C500998859 /* AppDelegate.swift */ = {isa = PBXFileReference; lastKnownFileType = sourcecode.swift; path = AppDelegate.swift; sourceTree = "<group>"; };
		30F7A33B21C920C500998859 /* ViewController.swift */ = {isa = PBXFileReference; lastKnownFileType = sourcecode.swift; path = ViewController.swift; sourceTree = "<group>"; };
		30F7A33E21C920C500998859 /* Base */ = {isa = PBXFileReference; lastKnownFileType = file.storyboard; name = Base; path = Base.lproj/Main.storyboard; sourceTree = "<group>"; };
		30F7A34021C920C600998859 /* Assets.xcassets */ = {isa = PBXFileReference; lastKnownFileType = folder.assetcatalog; path = Assets.xcassets; sourceTree = "<group>"; };
		30F7A34321C920C600998859 /* Base */ = {isa = PBXFileReference; lastKnownFileType = file.storyboard; name = Base; path = Base.lproj/LaunchScreen.storyboard; sourceTree = "<group>"; };
		30F7A34521C920C600998859 /* Info.plist */ = {isa = PBXFileReference; lastKnownFileType = text.plist.xml; path = Info.plist; sourceTree = "<group>"; };
		30F7A34A21C920C600998859 /* SampleTests.xctest */ = {isa = PBXFileReference; explicitFileType = wrapper.cfbundle; includeInIndex = 0; path = SampleTests.xctest; sourceTree = BUILT_PRODUCTS_DIR; };
		30F7A34E21C920C600998859 /* ColorBlendingTest.swift */ = {isa = PBXFileReference; lastKnownFileType = sourcecode.swift; path = ColorBlendingTest.swift; sourceTree = "<group>"; };
		30F7A35021C920C600998859 /* Info.plist */ = {isa = PBXFileReference; lastKnownFileType = text.plist.xml; name = Info.plist; path = SampleTests/Info.plist; sourceTree = SOURCE_ROOT; };
		30F7A37921CBE2FB00998859 /* StoryboardLoadableViewController.storyboard */ = {isa = PBXFileReference; lastKnownFileType = file.storyboard; path = StoryboardLoadableViewController.storyboard; sourceTree = "<group>"; };
		30F7A37B21CBE34B00998859 /* StoryboardLoadableViewController.swift */ = {isa = PBXFileReference; lastKnownFileType = sourcecode.swift; path = StoryboardLoadableViewController.swift; sourceTree = "<group>"; };
		372604DF20EE95E7E38A73AA /* Pods-Sample.release.xcconfig */ = {isa = PBXFileReference; includeInIndex = 1; lastKnownFileType = text.xcconfig; name = "Pods-Sample.release.xcconfig"; path = "Pods/Target Support Files/Pods-Sample/Pods-Sample.release.xcconfig"; sourceTree = "<group>"; };
		6917138664F4C8728AACFAC4 /* Pods-SampleTests.debug.xcconfig */ = {isa = PBXFileReference; includeInIndex = 1; lastKnownFileType = text.xcconfig; name = "Pods-SampleTests.debug.xcconfig"; path = "Pods/Target Support Files/Pods-SampleTests/Pods-SampleTests.debug.xcconfig"; sourceTree = "<group>"; };
		99E5C11139FFDB8BE7213658 /* Pods_SampleTests.framework */ = {isa = PBXFileReference; explicitFileType = wrapper.framework; includeInIndex = 0; path = Pods_SampleTests.framework; sourceTree = BUILT_PRODUCTS_DIR; };
		D456541C21DF663A0014A3CA /* DateTest.swift */ = {isa = PBXFileReference; lastKnownFileType = sourcecode.swift; path = DateTest.swift; sourceTree = "<group>"; };
		D456542C21DFAC870014A3CA /* DispatchQueueTest.swift */ = {isa = PBXFileReference; lastKnownFileType = sourcecode.swift; path = DispatchQueueTest.swift; sourceTree = "<group>"; };
		D456543021DFAFE40014A3CA /* HTTPCookieTest.swift */ = {isa = PBXFileReference; lastKnownFileType = sourcecode.swift; path = HTTPCookieTest.swift; sourceTree = "<group>"; };
		D456543221DFBD0F0014A3CA /* NSAttributedStringTest.swift */ = {isa = PBXFileReference; lastKnownFileType = sourcecode.swift; path = NSAttributedStringTest.swift; sourceTree = "<group>"; };
		D478DCE121EC74D30002A063 /* ErrorTest.swift */ = {isa = PBXFileReference; lastKnownFileType = sourcecode.swift; path = ErrorTest.swift; sourceTree = "<group>"; };
		D478DCE721ECABC00002A063 /* String-LoadingTest.swift */ = {isa = PBXFileReference; lastKnownFileType = sourcecode.swift; path = "String-LoadingTest.swift"; sourceTree = "<group>"; };
		D478DCE921ECE7EA0002A063 /* URLRequestTest.swift */ = {isa = PBXFileReference; lastKnownFileType = sourcecode.swift; path = URLRequestTest.swift; sourceTree = "<group>"; };
		D4984F0921EDC909002679D2 /* URLSessionTest.swift */ = {isa = PBXFileReference; lastKnownFileType = sourcecode.swift; path = URLSessionTest.swift; sourceTree = "<group>"; };
		D4BC4E0E21E8A51C0095864A /* OptionalTest.swift */ = {isa = PBXFileReference; lastKnownFileType = sourcecode.swift; path = OptionalTest.swift; sourceTree = "<group>"; };
		D4BC4E1021E8C6040095864A /* StringTest.swift */ = {isa = PBXFileReference; lastKnownFileType = sourcecode.swift; path = StringTest.swift; sourceTree = "<group>"; };
		D4F4DFF121DE6B250025A1C1 /* ArrayTest.swift */ = {isa = PBXFileReference; lastKnownFileType = sourcecode.swift; path = ArrayTest.swift; sourceTree = "<group>"; };
		DFE028B09166E6B800A1BA07 /* Pods_Sample.framework */ = {isa = PBXFileReference; explicitFileType = wrapper.framework; includeInIndex = 0; path = Pods_Sample.framework; sourceTree = BUILT_PRODUCTS_DIR; };
/* End PBXFileReference section */

/* Begin PBXFrameworksBuildPhase section */
		30F7A33321C920C500998859 /* Frameworks */ = {
			isa = PBXFrameworksBuildPhase;
			buildActionMask = 2147483647;
			files = (
				DA38DDE97A859CE5F27B00F1 /* Pods_Sample.framework in Frameworks */,
			);
			runOnlyForDeploymentPostprocessing = 0;
		};
		30F7A34721C920C600998859 /* Frameworks */ = {
			isa = PBXFrameworksBuildPhase;
			buildActionMask = 2147483647;
			files = (
				A4B858D2A7762B266866E363 /* Pods_SampleTests.framework in Frameworks */,
			);
			runOnlyForDeploymentPostprocessing = 0;
		};
/* End PBXFrameworksBuildPhase section */

/* Begin PBXGroup section */
		30F7A32D21C920C500998859 = {
			isa = PBXGroup;
			children = (
				30F7A33821C920C500998859 /* Sample */,
				30F7A34D21C920C600998859 /* SampleTests */,
				30F7A33721C920C500998859 /* Products */,
				A820220DB6885F2EA1DD6E66 /* Pods */,
				5C6964E50D9EE28E6E2D53C8 /* Frameworks */,
			);
			sourceTree = "<group>";
		};
		30F7A33721C920C500998859 /* Products */ = {
			isa = PBXGroup;
			children = (
				30F7A33621C920C500998859 /* Sample.app */,
				30F7A34A21C920C600998859 /* SampleTests.xctest */,
			);
			name = Products;
			sourceTree = "<group>";
		};
		30F7A33821C920C500998859 /* Sample */ = {
			isa = PBXGroup;
			children = (
				30F7A33921C920C500998859 /* AppDelegate.swift */,
				30F7A33B21C920C500998859 /* ViewController.swift */,
				30F7A33D21C920C500998859 /* Main.storyboard */,
				30F7A34021C920C600998859 /* Assets.xcassets */,
				30F7A34221C920C600998859 /* LaunchScreen.storyboard */,
				30F7A34521C920C600998859 /* Info.plist */,
				30F7A37921CBE2FB00998859 /* StoryboardLoadableViewController.storyboard */,
				30F7A37B21CBE34B00998859 /* StoryboardLoadableViewController.swift */,
			);
			path = Sample;
			sourceTree = "<group>";
		};
		30F7A34D21C920C600998859 /* SampleTests */ = {
			isa = PBXGroup;
			children = (
				D4F4DFF121DE6B250025A1C1 /* ArrayTest.swift */,
				D456541C21DF663A0014A3CA /* DateTest.swift */,
				D456542C21DFAC870014A3CA /* DispatchQueueTest.swift */,
				D478DCE121EC74D30002A063 /* ErrorTest.swift */,
				D456543021DFAFE40014A3CA /* HTTPCookieTest.swift */,
				D456543221DFBD0F0014A3CA /* NSAttributedStringTest.swift */,
				D4BC4E0E21E8A51C0095864A /* OptionalTest.swift */,
				D4BC4E1021E8C6040095864A /* StringTest.swift */,
				D478DCE721ECABC00002A063 /* String-LoadingTest.swift */,
				D478DCE921ECE7EA0002A063 /* URLRequestTest.swift */,
				D4984F0921EDC909002679D2 /* URLSessionTest.swift */,
				30F7A34E21C920C600998859 /* ColorBlendingTest.swift */,
				30F7A35021C920C600998859 /* Info.plist */,
			);
			path = SampleTests;
			sourceTree = "<group>";
		};
		5C6964E50D9EE28E6E2D53C8 /* Frameworks */ = {
			isa = PBXGroup;
			children = (
				DFE028B09166E6B800A1BA07 /* Pods_Sample.framework */,
				99E5C11139FFDB8BE7213658 /* Pods_SampleTests.framework */,
			);
			name = Frameworks;
			sourceTree = "<group>";
		};
		A820220DB6885F2EA1DD6E66 /* Pods */ = {
			isa = PBXGroup;
			children = (
				12E0BE18CA408E386DFFB886 /* Pods-Sample.debug.xcconfig */,
				372604DF20EE95E7E38A73AA /* Pods-Sample.release.xcconfig */,
				6917138664F4C8728AACFAC4 /* Pods-SampleTests.debug.xcconfig */,
				0BF9AFEE428D9DF79F74B2B1 /* Pods-SampleTests.release.xcconfig */,
			);
			name = Pods;
			sourceTree = "<group>";
		};
/* End PBXGroup section */

/* Begin PBXNativeTarget section */
		30F7A33521C920C500998859 /* Sample */ = {
			isa = PBXNativeTarget;
			buildConfigurationList = 30F7A35321C920C600998859 /* Build configuration list for PBXNativeTarget "Sample" */;
			buildPhases = (
				9A42C70C71A2D0E5102C8620 /* [CP] Check Pods Manifest.lock */,
				30F7A33221C920C500998859 /* Sources */,
				30F7A33321C920C500998859 /* Frameworks */,
				30F7A33421C920C500998859 /* Resources */,
				E3CD7AF4A7DF156F2CF81841 /* [CP] Embed Pods Frameworks */,
			);
			buildRules = (
			);
			dependencies = (
			);
			name = Sample;
			productName = Sample;
			productReference = 30F7A33621C920C500998859 /* Sample.app */;
			productType = "com.apple.product-type.application";
		};
		30F7A34921C920C600998859 /* SampleTests */ = {
			isa = PBXNativeTarget;
			buildConfigurationList = 30F7A35621C920C600998859 /* Build configuration list for PBXNativeTarget "SampleTests" */;
			buildPhases = (
				CF7356281B6955992EC5D935 /* [CP] Check Pods Manifest.lock */,
				30F7A34621C920C600998859 /* Sources */,
				30F7A34721C920C600998859 /* Frameworks */,
				30F7A34821C920C600998859 /* Resources */,
				76221FA1B9BC8F547DC810C8 /* [CP] Embed Pods Frameworks */,
			);
			buildRules = (
			);
			dependencies = (
				30F7A34C21C920C600998859 /* PBXTargetDependency */,
			);
			name = SampleTests;
			productName = SampleTests;
			productReference = 30F7A34A21C920C600998859 /* SampleTests.xctest */;
			productType = "com.apple.product-type.bundle.unit-test";
		};
/* End PBXNativeTarget section */

/* Begin PBXProject section */
		30F7A32E21C920C500998859 /* Project object */ = {
			isa = PBXProject;
			attributes = {
				LastSwiftUpdateCheck = 1010;
				LastUpgradeCheck = 1010;
				ORGANIZATIONNAME = apploft;
				TargetAttributes = {
					30F7A33521C920C500998859 = {
						CreatedOnToolsVersion = 10.1;
					};
					30F7A34921C920C600998859 = {
						CreatedOnToolsVersion = 10.1;
						TestTargetID = 30F7A33521C920C500998859;
					};
				};
			};
			buildConfigurationList = 30F7A33121C920C500998859 /* Build configuration list for PBXProject "Sample" */;
			compatibilityVersion = "Xcode 9.3";
			developmentRegion = en;
			hasScannedForEncodings = 0;
			knownRegions = (
				en,
				Base,
			);
			mainGroup = 30F7A32D21C920C500998859;
			productRefGroup = 30F7A33721C920C500998859 /* Products */;
			projectDirPath = "";
			projectRoot = "";
			targets = (
				30F7A33521C920C500998859 /* Sample */,
				30F7A34921C920C600998859 /* SampleTests */,
			);
		};
/* End PBXProject section */

/* Begin PBXResourcesBuildPhase section */
		30F7A33421C920C500998859 /* Resources */ = {
			isa = PBXResourcesBuildPhase;
			buildActionMask = 2147483647;
			files = (
				30F7A34421C920C600998859 /* LaunchScreen.storyboard in Resources */,
				30F7A34121C920C600998859 /* Assets.xcassets in Resources */,
				30F7A37A21CBE2FB00998859 /* StoryboardLoadableViewController.storyboard in Resources */,
				30F7A33F21C920C500998859 /* Main.storyboard in Resources */,
			);
			runOnlyForDeploymentPostprocessing = 0;
		};
		30F7A34821C920C600998859 /* Resources */ = {
			isa = PBXResourcesBuildPhase;
			buildActionMask = 2147483647;
			files = (
			);
			runOnlyForDeploymentPostprocessing = 0;
		};
/* End PBXResourcesBuildPhase section */

/* Begin PBXShellScriptBuildPhase section */
		76221FA1B9BC8F547DC810C8 /* [CP] Embed Pods Frameworks */ = {
			isa = PBXShellScriptBuildPhase;
			buildActionMask = 2147483647;
			files = (
			);
			inputFileListPaths = (
			);
			inputPaths = (
				"${SRCROOT}/Pods/Target Support Files/Pods-SampleTests/Pods-SampleTests-frameworks.sh",
				"${BUILT_PRODUCTS_DIR}/APLiOSFrameworkExtensions/APLiOSFrameworkExtensions.framework",
			);
			name = "[CP] Embed Pods Frameworks";
			outputFileListPaths = (
			);
			outputPaths = (
				"${TARGET_BUILD_DIR}/${FRAMEWORKS_FOLDER_PATH}/APLiOSFrameworkExtensions.framework",
			);
			runOnlyForDeploymentPostprocessing = 0;
			shellPath = /bin/sh;
			shellScript = "\"${SRCROOT}/Pods/Target Support Files/Pods-SampleTests/Pods-SampleTests-frameworks.sh\"\n";
			showEnvVarsInLog = 0;
		};
		9A42C70C71A2D0E5102C8620 /* [CP] Check Pods Manifest.lock */ = {
			isa = PBXShellScriptBuildPhase;
			buildActionMask = 2147483647;
			files = (
			);
			inputFileListPaths = (
			);
			inputPaths = (
				"${PODS_PODFILE_DIR_PATH}/Podfile.lock",
				"${PODS_ROOT}/Manifest.lock",
			);
			name = "[CP] Check Pods Manifest.lock";
			outputFileListPaths = (
			);
			outputPaths = (
				"$(DERIVED_FILE_DIR)/Pods-Sample-checkManifestLockResult.txt",
			);
			runOnlyForDeploymentPostprocessing = 0;
			shellPath = /bin/sh;
			shellScript = "diff \"${PODS_PODFILE_DIR_PATH}/Podfile.lock\" \"${PODS_ROOT}/Manifest.lock\" > /dev/null\nif [ $? != 0 ] ; then\n    # print error to STDERR\n    echo \"error: The sandbox is not in sync with the Podfile.lock. Run 'pod install' or update your CocoaPods installation.\" >&2\n    exit 1\nfi\n# This output is used by Xcode 'outputs' to avoid re-running this script phase.\necho \"SUCCESS\" > \"${SCRIPT_OUTPUT_FILE_0}\"\n";
			showEnvVarsInLog = 0;
		};
		CF7356281B6955992EC5D935 /* [CP] Check Pods Manifest.lock */ = {
			isa = PBXShellScriptBuildPhase;
			buildActionMask = 2147483647;
			files = (
			);
			inputFileListPaths = (
			);
			inputPaths = (
				"${PODS_PODFILE_DIR_PATH}/Podfile.lock",
				"${PODS_ROOT}/Manifest.lock",
			);
			name = "[CP] Check Pods Manifest.lock";
			outputFileListPaths = (
			);
			outputPaths = (
				"$(DERIVED_FILE_DIR)/Pods-SampleTests-checkManifestLockResult.txt",
			);
			runOnlyForDeploymentPostprocessing = 0;
			shellPath = /bin/sh;
			shellScript = "diff \"${PODS_PODFILE_DIR_PATH}/Podfile.lock\" \"${PODS_ROOT}/Manifest.lock\" > /dev/null\nif [ $? != 0 ] ; then\n    # print error to STDERR\n    echo \"error: The sandbox is not in sync with the Podfile.lock. Run 'pod install' or update your CocoaPods installation.\" >&2\n    exit 1\nfi\n# This output is used by Xcode 'outputs' to avoid re-running this script phase.\necho \"SUCCESS\" > \"${SCRIPT_OUTPUT_FILE_0}\"\n";
			showEnvVarsInLog = 0;
		};
		E3CD7AF4A7DF156F2CF81841 /* [CP] Embed Pods Frameworks */ = {
			isa = PBXShellScriptBuildPhase;
			buildActionMask = 2147483647;
			files = (
			);
			inputFileListPaths = (
			);
			inputPaths = (
				"${SRCROOT}/Pods/Target Support Files/Pods-Sample/Pods-Sample-frameworks.sh",
				"${BUILT_PRODUCTS_DIR}/APLiOSFrameworkExtensions/APLiOSFrameworkExtensions.framework",
			);
			name = "[CP] Embed Pods Frameworks";
			outputFileListPaths = (
			);
			outputPaths = (
				"${TARGET_BUILD_DIR}/${FRAMEWORKS_FOLDER_PATH}/APLiOSFrameworkExtensions.framework",
			);
			runOnlyForDeploymentPostprocessing = 0;
			shellPath = /bin/sh;
			shellScript = "\"${SRCROOT}/Pods/Target Support Files/Pods-Sample/Pods-Sample-frameworks.sh\"\n";
			showEnvVarsInLog = 0;
		};
/* End PBXShellScriptBuildPhase section */

/* Begin PBXSourcesBuildPhase section */
		30F7A33221C920C500998859 /* Sources */ = {
			isa = PBXSourcesBuildPhase;
			buildActionMask = 2147483647;
			files = (
				30F7A33C21C920C500998859 /* ViewController.swift in Sources */,
				30F7A37C21CBE34B00998859 /* StoryboardLoadableViewController.swift in Sources */,
				30F7A33A21C920C500998859 /* AppDelegate.swift in Sources */,
			);
			runOnlyForDeploymentPostprocessing = 0;
		};
		30F7A34621C920C600998859 /* Sources */ = {
			isa = PBXSourcesBuildPhase;
			buildActionMask = 2147483647;
			files = (
				30F7A34F21C920C600998859 /* ColorBlendingTest.swift in Sources */,
				D478DCE221EC74D30002A063 /* ErrorTest.swift in Sources */,
				D4984F0A21EDC909002679D2 /* URLSessionTest.swift in Sources */,
				D478DCEA21ECE7EA0002A063 /* URLRequestTest.swift in Sources */,
				D456542D21DFAC870014A3CA /* DispatchQueueTest.swift in Sources */,
				D4F4DFF221DE6B250025A1C1 /* ArrayTest.swift in Sources */,
				D4BC4E0F21E8A51C0095864A /* OptionalTest.swift in Sources */,
				D4BC4E1121E8C6040095864A /* StringTest.swift in Sources */,
				D456541D21DF663A0014A3CA /* DateTest.swift in Sources */,
				D456543121DFAFE40014A3CA /* HTTPCookieTest.swift in Sources */,
				D456543321DFBD0F0014A3CA /* NSAttributedStringTest.swift in Sources */,
				D478DCE821ECABC00002A063 /* String-LoadingTest.swift in Sources */,
			);
			runOnlyForDeploymentPostprocessing = 0;
		};
/* End PBXSourcesBuildPhase section */

/* Begin PBXTargetDependency section */
		30F7A34C21C920C600998859 /* PBXTargetDependency */ = {
			isa = PBXTargetDependency;
			target = 30F7A33521C920C500998859 /* Sample */;
			targetProxy = 30F7A34B21C920C600998859 /* PBXContainerItemProxy */;
		};
/* End PBXTargetDependency section */

/* Begin PBXVariantGroup section */
		30F7A33D21C920C500998859 /* Main.storyboard */ = {
			isa = PBXVariantGroup;
			children = (
				30F7A33E21C920C500998859 /* Base */,
			);
			name = Main.storyboard;
			sourceTree = "<group>";
		};
		30F7A34221C920C600998859 /* LaunchScreen.storyboard */ = {
			isa = PBXVariantGroup;
			children = (
				30F7A34321C920C600998859 /* Base */,
			);
			name = LaunchScreen.storyboard;
			sourceTree = "<group>";
		};
/* End PBXVariantGroup section */

/* Begin XCBuildConfiguration section */
		30F7A35121C920C600998859 /* Debug */ = {
			isa = XCBuildConfiguration;
			buildSettings = {
				ALWAYS_SEARCH_USER_PATHS = NO;
				CLANG_ANALYZER_NONNULL = YES;
				CLANG_ANALYZER_NUMBER_OBJECT_CONVERSION = YES_AGGRESSIVE;
				CLANG_CXX_LANGUAGE_STANDARD = "gnu++14";
				CLANG_CXX_LIBRARY = "libc++";
				CLANG_ENABLE_MODULES = YES;
				CLANG_ENABLE_OBJC_ARC = YES;
				CLANG_ENABLE_OBJC_WEAK = YES;
				CLANG_WARN_BLOCK_CAPTURE_AUTORELEASING = YES;
				CLANG_WARN_BOOL_CONVERSION = YES;
				CLANG_WARN_COMMA = YES;
				CLANG_WARN_CONSTANT_CONVERSION = YES;
				CLANG_WARN_DEPRECATED_OBJC_IMPLEMENTATIONS = YES;
				CLANG_WARN_DIRECT_OBJC_ISA_USAGE = YES_ERROR;
				CLANG_WARN_DOCUMENTATION_COMMENTS = YES;
				CLANG_WARN_EMPTY_BODY = YES;
				CLANG_WARN_ENUM_CONVERSION = YES;
				CLANG_WARN_INFINITE_RECURSION = YES;
				CLANG_WARN_INT_CONVERSION = YES;
				CLANG_WARN_NON_LITERAL_NULL_CONVERSION = YES;
				CLANG_WARN_OBJC_IMPLICIT_RETAIN_SELF = YES;
				CLANG_WARN_OBJC_LITERAL_CONVERSION = YES;
				CLANG_WARN_OBJC_ROOT_CLASS = YES_ERROR;
				CLANG_WARN_RANGE_LOOP_ANALYSIS = YES;
				CLANG_WARN_STRICT_PROTOTYPES = YES;
				CLANG_WARN_SUSPICIOUS_MOVE = YES;
				CLANG_WARN_UNGUARDED_AVAILABILITY = YES_AGGRESSIVE;
				CLANG_WARN_UNREACHABLE_CODE = YES;
				CLANG_WARN__DUPLICATE_METHOD_MATCH = YES;
				CODE_SIGN_IDENTITY = "iPhone Developer";
				COPY_PHASE_STRIP = NO;
				DEBUG_INFORMATION_FORMAT = dwarf;
				ENABLE_STRICT_OBJC_MSGSEND = YES;
				ENABLE_TESTABILITY = YES;
				GCC_C_LANGUAGE_STANDARD = gnu11;
				GCC_DYNAMIC_NO_PIC = NO;
				GCC_NO_COMMON_BLOCKS = YES;
				GCC_OPTIMIZATION_LEVEL = 0;
				GCC_PREPROCESSOR_DEFINITIONS = (
					"DEBUG=1",
					"$(inherited)",
				);
				GCC_WARN_64_TO_32_BIT_CONVERSION = YES;
				GCC_WARN_ABOUT_RETURN_TYPE = YES_ERROR;
				GCC_WARN_UNDECLARED_SELECTOR = YES;
				GCC_WARN_UNINITIALIZED_AUTOS = YES_AGGRESSIVE;
				GCC_WARN_UNUSED_FUNCTION = YES;
				GCC_WARN_UNUSED_VARIABLE = YES;
				IPHONEOS_DEPLOYMENT_TARGET = 12.1;
				MTL_ENABLE_DEBUG_INFO = INCLUDE_SOURCE;
				MTL_FAST_MATH = YES;
				ONLY_ACTIVE_ARCH = YES;
				SDKROOT = iphoneos;
				SWIFT_ACTIVE_COMPILATION_CONDITIONS = DEBUG;
				SWIFT_OPTIMIZATION_LEVEL = "-Onone";
			};
			name = Debug;
		};
		30F7A35221C920C600998859 /* Release */ = {
			isa = XCBuildConfiguration;
			buildSettings = {
				ALWAYS_SEARCH_USER_PATHS = NO;
				CLANG_ANALYZER_NONNULL = YES;
				CLANG_ANALYZER_NUMBER_OBJECT_CONVERSION = YES_AGGRESSIVE;
				CLANG_CXX_LANGUAGE_STANDARD = "gnu++14";
				CLANG_CXX_LIBRARY = "libc++";
				CLANG_ENABLE_MODULES = YES;
				CLANG_ENABLE_OBJC_ARC = YES;
				CLANG_ENABLE_OBJC_WEAK = YES;
				CLANG_WARN_BLOCK_CAPTURE_AUTORELEASING = YES;
				CLANG_WARN_BOOL_CONVERSION = YES;
				CLANG_WARN_COMMA = YES;
				CLANG_WARN_CONSTANT_CONVERSION = YES;
				CLANG_WARN_DEPRECATED_OBJC_IMPLEMENTATIONS = YES;
				CLANG_WARN_DIRECT_OBJC_ISA_USAGE = YES_ERROR;
				CLANG_WARN_DOCUMENTATION_COMMENTS = YES;
				CLANG_WARN_EMPTY_BODY = YES;
				CLANG_WARN_ENUM_CONVERSION = YES;
				CLANG_WARN_INFINITE_RECURSION = YES;
				CLANG_WARN_INT_CONVERSION = YES;
				CLANG_WARN_NON_LITERAL_NULL_CONVERSION = YES;
				CLANG_WARN_OBJC_IMPLICIT_RETAIN_SELF = YES;
				CLANG_WARN_OBJC_LITERAL_CONVERSION = YES;
				CLANG_WARN_OBJC_ROOT_CLASS = YES_ERROR;
				CLANG_WARN_RANGE_LOOP_ANALYSIS = YES;
				CLANG_WARN_STRICT_PROTOTYPES = YES;
				CLANG_WARN_SUSPICIOUS_MOVE = YES;
				CLANG_WARN_UNGUARDED_AVAILABILITY = YES_AGGRESSIVE;
				CLANG_WARN_UNREACHABLE_CODE = YES;
				CLANG_WARN__DUPLICATE_METHOD_MATCH = YES;
				CODE_SIGN_IDENTITY = "iPhone Developer";
				COPY_PHASE_STRIP = NO;
				DEBUG_INFORMATION_FORMAT = "dwarf-with-dsym";
				ENABLE_NS_ASSERTIONS = NO;
				ENABLE_STRICT_OBJC_MSGSEND = YES;
				GCC_C_LANGUAGE_STANDARD = gnu11;
				GCC_NO_COMMON_BLOCKS = YES;
				GCC_WARN_64_TO_32_BIT_CONVERSION = YES;
				GCC_WARN_ABOUT_RETURN_TYPE = YES_ERROR;
				GCC_WARN_UNDECLARED_SELECTOR = YES;
				GCC_WARN_UNINITIALIZED_AUTOS = YES_AGGRESSIVE;
				GCC_WARN_UNUSED_FUNCTION = YES;
				GCC_WARN_UNUSED_VARIABLE = YES;
				IPHONEOS_DEPLOYMENT_TARGET = 12.1;
				MTL_ENABLE_DEBUG_INFO = NO;
				MTL_FAST_MATH = YES;
				SDKROOT = iphoneos;
				SWIFT_COMPILATION_MODE = wholemodule;
				SWIFT_OPTIMIZATION_LEVEL = "-O";
				VALIDATE_PRODUCT = YES;
			};
			name = Release;
		};
		30F7A35421C920C600998859 /* Debug */ = {
			isa = XCBuildConfiguration;
			baseConfigurationReference = 12E0BE18CA408E386DFFB886 /* Pods-Sample.debug.xcconfig */;
			buildSettings = {
				ASSETCATALOG_COMPILER_APPICON_NAME = AppIcon;
				CODE_SIGN_IDENTITY = "iPhone Developer";
				CODE_SIGN_STYLE = Automatic;
				DEVELOPMENT_TEAM = ZKNRVN92RA;
				INFOPLIST_FILE = Sample/Info.plist;
				IPHONEOS_DEPLOYMENT_TARGET = 12.1;
				LD_RUNPATH_SEARCH_PATHS = (
					"$(inherited)",
					"@executable_path/Frameworks",
				);
				PRODUCT_BUNDLE_IDENTIFIER = apploft.Sample;
				PRODUCT_NAME = "$(TARGET_NAME)";
				PROVISIONING_PROFILE_SPECIFIER = "";
				SWIFT_VERSION = 4.2;
				TARGETED_DEVICE_FAMILY = "1,2";
			};
			name = Debug;
		};
		30F7A35521C920C600998859 /* Release */ = {
			isa = XCBuildConfiguration;
			baseConfigurationReference = 372604DF20EE95E7E38A73AA /* Pods-Sample.release.xcconfig */;
			buildSettings = {
				ASSETCATALOG_COMPILER_APPICON_NAME = AppIcon;
				CODE_SIGN_IDENTITY = "iPhone Developer";
				CODE_SIGN_STYLE = Automatic;
				DEVELOPMENT_TEAM = ZKNRVN92RA;
				INFOPLIST_FILE = Sample/Info.plist;
				IPHONEOS_DEPLOYMENT_TARGET = 12.1;
				LD_RUNPATH_SEARCH_PATHS = (
					"$(inherited)",
					"@executable_path/Frameworks",
				);
				PRODUCT_BUNDLE_IDENTIFIER = apploft.Sample;
				PRODUCT_NAME = "$(TARGET_NAME)";
				PROVISIONING_PROFILE_SPECIFIER = "";
				SWIFT_VERSION = 4.2;
				TARGETED_DEVICE_FAMILY = "1,2";
			};
			name = Release;
		};
		30F7A35721C920C600998859 /* Debug */ = {
			isa = XCBuildConfiguration;
			baseConfigurationReference = 6917138664F4C8728AACFAC4 /* Pods-SampleTests.debug.xcconfig */;
			buildSettings = {
				ALWAYS_EMBED_SWIFT_STANDARD_LIBRARIES = YES;
				BUNDLE_LOADER = "$(TEST_HOST)";
				CODE_SIGN_STYLE = Automatic;
				DEVELOPMENT_TEAM = ZKNRVN92RA;
				INFOPLIST_FILE = SampleTests/Info.plist;
				LD_RUNPATH_SEARCH_PATHS = (
					"$(inherited)",
					"@executable_path/Frameworks",
					"@loader_path/Frameworks",
				);
				PRODUCT_BUNDLE_IDENTIFIER = apploft.SampleTests;
				PRODUCT_NAME = "$(TARGET_NAME)";
				SWIFT_VERSION = 4.2;
				TARGETED_DEVICE_FAMILY = "1,2";
				TEST_HOST = "$(BUILT_PRODUCTS_DIR)/Sample.app/Sample";
			};
			name = Debug;
		};
		30F7A35821C920C600998859 /* Release */ = {
			isa = XCBuildConfiguration;
			baseConfigurationReference = 0BF9AFEE428D9DF79F74B2B1 /* Pods-SampleTests.release.xcconfig */;
			buildSettings = {
				ALWAYS_EMBED_SWIFT_STANDARD_LIBRARIES = YES;
				BUNDLE_LOADER = "$(TEST_HOST)";
				CODE_SIGN_STYLE = Automatic;
				DEVELOPMENT_TEAM = ZKNRVN92RA;
				INFOPLIST_FILE = SampleTests/Info.plist;
				LD_RUNPATH_SEARCH_PATHS = (
					"$(inherited)",
					"@executable_path/Frameworks",
					"@loader_path/Frameworks",
				);
				PRODUCT_BUNDLE_IDENTIFIER = apploft.SampleTests;
				PRODUCT_NAME = "$(TARGET_NAME)";
				SWIFT_VERSION = 4.2;
				TARGETED_DEVICE_FAMILY = "1,2";
				TEST_HOST = "$(BUILT_PRODUCTS_DIR)/Sample.app/Sample";
			};
			name = Release;
		};
/* End XCBuildConfiguration section */

/* Begin XCConfigurationList section */
		30F7A33121C920C500998859 /* Build configuration list for PBXProject "Sample" */ = {
			isa = XCConfigurationList;
			buildConfigurations = (
				30F7A35121C920C600998859 /* Debug */,
				30F7A35221C920C600998859 /* Release */,
			);
			defaultConfigurationIsVisible = 0;
			defaultConfigurationName = Release;
		};
		30F7A35321C920C600998859 /* Build configuration list for PBXNativeTarget "Sample" */ = {
			isa = XCConfigurationList;
			buildConfigurations = (
				30F7A35421C920C600998859 /* Debug */,
				30F7A35521C920C600998859 /* Release */,
			);
			defaultConfigurationIsVisible = 0;
			defaultConfigurationName = Release;
		};
		30F7A35621C920C600998859 /* Build configuration list for PBXNativeTarget "SampleTests" */ = {
			isa = XCConfigurationList;
			buildConfigurations = (
				30F7A35721C920C600998859 /* Debug */,
				30F7A35821C920C600998859 /* Release */,
			);
			defaultConfigurationIsVisible = 0;
			defaultConfigurationName = Release;
		};
/* End XCConfigurationList section */
	};
	rootObject = 30F7A32E21C920C500998859 /* Project object */;
}
