PODS:
  - APLiOSFrameworkExtensions (0.0.5)

DEPENDENCIES:
  - APLiOSFrameworkExtensions (from `..`)

EXTERNAL SOURCES:
  APLiOSFrameworkExtensions:
    :path: ".."

SPEC CHECKSUMS:
  APLiOSFrameworkExtensions: 53e923fd14a1284b71e7cbb08981e0a86d3f4cba

PODFILE CHECKSUM: 34e2d6581632046f4bc2e38c033907a9a278739f

COCOAPODS: 1.5.3
